
Microsoft Visual Studio Solution File, Format Version 12.00
# Visual Studio 15
VisualStudioVersion = 15.0.28307.645
MinimumVisualStudioVersion = 10.0.40219.1
Project("{FAE04EC0-301F-11D3-BF4B-00C04F79EFBC}") = "Client", "Client\Client.csproj", "{654496DB-D395-42CA-921E-2583AB0FD573}"
EndProject
Project("{FAE04EC0-301F-11D3-BF4B-00C04F79EFBC}") = "Contract", "Contract\Contract.csproj", "{D7BC6287-7769-4A5B-907B-9C5CC8D7D9C5}"
EndProject
Project("{FAE04EC0-301F-11D3-BF4B-00C04F79EFBC}") = "Service", "Service\Service.csproj", "{CCB30E5E-7725-42B1-AD6D-F1FB39F21BC8}"
EndProject
Project("{FAE04EC0-301F-11D3-BF4B-00C04F79EFBC}") = "Host", "Host\Host.csproj", "{3CD92B72-1C6A-4AFA-A9DA-28483AAD9220}"
EndProject
Global
	GlobalSection(SolutionConfigurationPlatforms) = preSolution
		Debug|Any CPU = Debug|Any CPU
		Release|Any CPU = Release|Any CPU
	EndGlobalSection
	GlobalSection(ProjectConfigurationPlatforms) = postSolution
		{654496DB-D395-42CA-921E-2583AB0FD573}.Debug|Any CPU.ActiveCfg = Debug|Any CPU
		{654496DB-D395-42CA-921E-2583AB0FD573}.Debug|Any CPU.Build.0 = Debug|Any CPU
		{654496DB-D395-42CA-921E-2583AB0FD573}.Release|Any CPU.ActiveCfg = Release|Any CPU
		{654496DB-D395-42CA-921E-2583AB0FD573}.Release|Any CPU.Build.0 = Release|Any CPU
		{D7BC6287-7769-4A5B-907B-9C5CC8D7D9C5}.Debug|Any CPU.ActiveCfg = Debug|Any CPU
		{D7BC6287-7769-4A5B-907B-9C5CC8D7D9C5}.Debug|Any CPU.Build.0 = Debug|Any CPU
		{D7BC6287-7769-4A5B-907B-9C5CC8D7D9C5}.Release|Any CPU.ActiveCfg = Release|Any CPU
		{D7BC6287-7769-4A5B-907B-9C5CC8D7D9C5}.Release|Any CPU.Build.0 = Release|Any CPU
		{CCB30E5E-7725-42B1-AD6D-F1FB39F21BC8}.Debug|Any CPU.ActiveCfg = Debug|Any CPU
		{CCB30E5E-7725-42B1-AD6D-F1FB39F21BC8}.Debug|Any CPU.Build.0 = Debug|Any CPU
		{CCB30E5E-7725-42B1-AD6D-F1FB39F21BC8}.Release|Any CPU.ActiveCfg = Release|Any CPU
		{CCB30E5E-7725-42B1-AD6D-F1FB39F21BC8}.Release|Any CPU.Build.0 = Release|Any CPU
		{3CD92B72-1C6A-4AFA-A9DA-28483AAD9220}.Debug|Any CPU.ActiveCfg = Debug|Any CPU
		{3CD92B72-1C6A-4AFA-A9DA-28483AAD9220}.Debug|Any CPU.Build.0 = Debug|Any CPU
		{3CD92B72-1C6A-4AFA-A9DA-28483AAD9220}.Release|Any CPU.ActiveCfg = Release|Any CPU
		{3CD92B72-1C6A-4AFA-A9DA-28483AAD9220}.Release|Any CPU.Build.0 = Release|Any CPU
	EndGlobalSection
	GlobalSection(SolutionProperties) = preSolution
		HideSolutionNode = FALSE
	EndGlobalSection
	GlobalSection(ExtensibilityGlobals) = postSolution
		SolutionGuid = {D71B23AA-57B6-49C3-AD8A-2F17EBE7D365}
	EndGlobalSection
EndGlobal
